<?xml version="1.0" encoding="utf-8"?>
<Project ToolsVersion="4.0" xmlns="http://schemas.microsoft.com/developer/msbuild/2003">
  <ItemGroup>
    <Filter Include="Common">
      <UniqueIdentifier>{08111fa8-267c-4f3f-bd0f-8affaf9f1bc6}</UniqueIdentifier>
    </Filter>
    <Filter Include="EntryPoint">
      <UniqueIdentifier>{d8511393-2f07-4a9e-9c14-e75e63b154cc}</UniqueIdentifier>
    </Filter>
    <Filter Include="Interface">
      <UniqueIdentifier>{b96da30d-b443-4788-a845-d68ef089a734}</UniqueIdentifier>
    </Filter>
    <Filter Include="Main">
      <UniqueIdentifier>{0dde2e36-cef7-4e88-8b68-c399e7de8138}</UniqueIdentifier>
    </Filter>
    <Filter Include="Utils">
      <UniqueIdentifier>{5b1714da-5d9e-4cea-94ab-6d9c4ae036f4}</UniqueIdentifier>
    </Filter>
  </ItemGroup>
  <ItemGroup>
    <ClCompile Include="MainEntry.cpp">
      <Filter>EntryPoint</Filter>
    </ClCompile>
    <ClCompile Include="Application.cpp">
      <Filter>Main</Filter>
    </ClCompile>
    <ClCompile Include="Game.cpp">
      <Filter>Main</Filter>
    </ClCompile>
    <ClCompile Include="pch.cpp">
      <Filter>Main</Filter>
    </ClCompile>
    <ClCompile Include="GeometryGenerator.cpp">
      <Filter>Main</Filter>
    </ClCompile>
    <ClCompile Include="Actor.cpp">
      <Filter>Main</Filter>
    </ClCompile>
    <ClCompile Include="EasyMath.cpp">
      <Filter>Common</Filter>
    </ClCompile>
  </ItemGroup>
  <ItemGroup>
    <ClInclude Include="..\..\Common\Type.h">
      <Filter>Common</Filter>
    </ClInclude>
    <ClInclude Include="..\..\Interface\IT_Renderer.h">
      <Filter>Interface</Filter>
    </ClInclude>
    <ClInclude Include="Game.h">
      <Filter>Main</Filter>
    </ClInclude>
    <ClInclude Include="Application.h">
      <Filter>Main</Filter>
    </ClInclude>
    <ClInclude Include="pch.h">
      <Filter>Main</Filter>
    </ClInclude>
    <ClInclude Include="GeometryGenerator.h">
      <Filter>Main</Filter>
    </ClInclude>
    <ClInclude Include="..\..\Common\MeshData.h">
      <Filter>Common</Filter>
    </ClInclude>
    <ClInclude Include="..\..\Common\Vertex.h">
      <Filter>Common</Filter>
    </ClInclude>
    <ClInclude Include="Actor.h">
      <Filter>Main</Filter>
    </ClInclude>
    <ClInclude Include="EasyMath.h">
      <Filter>Common</Filter>
    </ClInclude>
  </ItemGroup>
</Project>