<?xml version="1.0" encoding="utf-8"?>
<Project ToolsVersion="4.0" xmlns="http://schemas.microsoft.com/developer/msbuild/2003">
  <ItemGroup>
    <Filter Include="Common">
      <UniqueIdentifier>{08111fa8-267c-4f3f-bd0f-8affaf9f1bc6}</UniqueIdentifier>
    </Filter>
    <Filter Include="EntryPoint">
      <UniqueIdentifier>{d8511393-2f07-4a9e-9c14-e75e63b154cc}</UniqueIdentifier>
    </Filter>
    <Filter Include="Main">
      <UniqueIdentifier>{0dde2e36-cef7-4e88-8b68-c399e7de8138}</UniqueIdentifier>
    </Filter>
    <Filter Include="Utils">
      <UniqueIdentifier>{5b1714da-5d9e-4cea-94ab-6d9c4ae036f4}</UniqueIdentifier>
    </Filter>
    <Filter Include="Interface">
      <UniqueIdentifier>{b96da30d-b443-4788-a845-d68ef089a734}</UniqueIdentifier>
    </Filter>
    <Filter Include="Main\GameObject">
      <UniqueIdentifier>{5f8f818d-afa1-4582-8c14-13d22cbbf31c}</UniqueIdentifier>
    </Filter>
    <Filter Include="Main\Editor">
      <UniqueIdentifier>{da9ef3a1-7563-4434-a962-ca3645766058}</UniqueIdentifier>
    </Filter>
    <Filter Include="Main\Scene">
      <UniqueIdentifier>{1b3e422f-af38-476f-86be-8ffe714b6526}</UniqueIdentifier>
    </Filter>
  </ItemGroup>
  <ItemGroup>
    <ClCompile Include="MainEntry.cpp">
      <Filter>EntryPoint</Filter>
    </ClCompile>
    <ClCompile Include="Application.cpp">
      <Filter>Main</Filter>
    </ClCompile>
    <ClCompile Include="Game.cpp">
      <Filter>Main</Filter>
    </ClCompile>
    <ClCompile Include="pch.cpp">
      <Filter>Main</Filter>
    </ClCompile>
    <ClCompile Include="EasyMath.cpp">
      <Filter>Common</Filter>
    </ClCompile>
    <ClCompile Include="Monster.cpp">
      <Filter>Main\GameObject</Filter>
    </ClCompile>
    <ClCompile Include="GameObject.cpp">
      <Filter>Main\GameObject</Filter>
    </ClCompile>
    <ClCompile Include="Wall.cpp">
      <Filter>Main\GameObject</Filter>
    </ClCompile>
    <ClCompile Include="CameraController.cpp">
      <Filter>Main</Filter>
    </ClCompile>
    <ClCompile Include="Player.cpp">
      <Filter>Main\GameObject</Filter>
    </ClCompile>
    <ClCompile Include="Scene.cpp">
      <Filter>Main\Scene</Filter>
    </ClCompile>
    <ClCompile Include="SceneHome.cpp">
      <Filter>Main\Scene</Filter>
    </ClCompile>
    <ClCompile Include="SceneManager.cpp">
      <Filter>Main\Scene</Filter>
    </ClCompile>
    <ClCompile Include="Editor.cpp">
      <Filter>Main\Editor</Filter>
    </ClCompile>
    <ClCompile Include="EditorArrange.cpp">
      <Filter>Main\Editor</Filter>
    </ClCompile>
    <ClCompile Include="EditorGenerate.cpp">
      <Filter>Main\Editor</Filter>
    </ClCompile>
    <ClCompile Include="EditorManager.cpp">
      <Filter>Main\Editor</Filter>
    </ClCompile>
  </ItemGroup>
  <ItemGroup>
    <ClInclude Include="..\..\Common\Type.h">
      <Filter>Common</Filter>
    </ClInclude>
    <ClInclude Include="Game.h">
      <Filter>Main</Filter>
    </ClInclude>
    <ClInclude Include="Application.h">
      <Filter>Main</Filter>
    </ClInclude>
    <ClInclude Include="pch.h">
      <Filter>Main</Filter>
    </ClInclude>
    <ClInclude Include="..\..\Common\MeshData.h">
      <Filter>Common</Filter>
    </ClInclude>
    <ClInclude Include="..\..\Common\Vertex.h">
      <Filter>Common</Filter>
    </ClInclude>
    <ClInclude Include="EasyMath.h">
      <Filter>Common</Filter>
    </ClInclude>
    <ClInclude Include="..\..\Interface\IT_EngineCore.h">
      <Filter>Interface</Filter>
    </ClInclude>
    <ClInclude Include="Monster.h">
      <Filter>Main\GameObject</Filter>
    </ClInclude>
    <ClInclude Include="GameObject.h">
      <Filter>Main\GameObject</Filter>
    </ClInclude>
    <ClInclude Include="Wall.h">
      <Filter>Main\GameObject</Filter>
    </ClInclude>
    <ClInclude Include="CameraController.h">
      <Filter>Main</Filter>
    </ClInclude>
    <ClInclude Include="..\..\Common\EngineType.h">
      <Filter>Common</Filter>
    </ClInclude>
    <ClInclude Include="Player.h">
      <Filter>Main\GameObject</Filter>
    </ClInclude>
    <ClInclude Include="GameType.h">
      <Filter>Main</Filter>
    </ClInclude>
    <ClInclude Include="SceneHome.h">
      <Filter>Main\Scene</Filter>
    </ClInclude>
    <ClInclude Include="Scene.h">
      <Filter>Main\Scene</Filter>
    </ClInclude>
    <ClInclude Include="SceneManager.h">
      <Filter>Main\Scene</Filter>
    </ClInclude>
    <ClInclude Include="Editor.h">
      <Filter>Main\Editor</Filter>
    </ClInclude>
    <ClInclude Include="EditorArrange.h">
      <Filter>Main\Editor</Filter>
    </ClInclude>
    <ClInclude Include="EditorGenerate.h">
      <Filter>Main\Editor</Filter>
    </ClInclude>
    <ClInclude Include="EditorManager.h">
      <Filter>Main\Editor</Filter>
    </ClInclude>
  </ItemGroup>
</Project>